
Microsoft Visual Studio Solution File, Format Version 12.00
# Visual Studio Version 17
VisualStudioVersion = 17.9.34622.214
MinimumVisualStudioVersion = 10.0.40219.1
Project("{FAE04EC0-301F-11D3-BF4B-00C04F79EFBC}") = "ConsoleApp20", "ConsoleApp20.csproj", "{D27482CB-5A82-4DCD-8B3A-E40EF4B250EF}"
EndProject
Global
	GlobalSection(SolutionConfigurationPlatforms) = preSolution
		Debug|Any CPU = Debug|Any CPU
		Release|Any CPU = Release|Any CPU
	EndGlobalSection
	GlobalSection(ProjectConfigurationPlatforms) = postSolution
		{D27482CB-5A82-4DCD-8B3A-E40EF4B250EF}.Debug|Any CPU.ActiveCfg = Debug|Any CPU
		{D27482CB-5A82-4DCD-8B3A-E40EF4B250EF}.Debug|Any CPU.Build.0 = Debug|Any CPU
		{D27482CB-5A82-4DCD-8B3A-E40EF4B250EF}.Release|Any CPU.ActiveCfg = Release|Any CPU
		{D27482CB-5A82-4DCD-8B3A-E40EF4B250EF}.Release|Any CPU.Build.0 = Release|Any CPU
	EndGlobalSection
	GlobalSection(SolutionProperties) = preSolution
		HideSolutionNode = FALSE
	EndGlobalSection
	GlobalSection(ExtensibilityGlobals) = postSolution
		SolutionGuid = {70E69F19-FDA6-431A-BAFA-F68DE446349F}
	EndGlobalSection
EndGlobal
